
Microsoft Visual Studio Solution File, Format Version 12.00
# Visual Studio Version 17
VisualStudioVersion = 17.2.32516.85
MinimumVisualStudioVersion = 10.0.40219.1
Project("{FAE04EC0-301F-11D3-BF4B-00C04F79EFBC}") = "SEDB-LITE", "SEDB-LITE\SEDB-LITE.csproj", "{9FE934AC-074D-443F-B42A-C26B5C7B44E0}"
EndProject
Global
	GlobalSection(SolutionConfigurationPlatforms) = preSolution
		Debug|x64 = Debug|x64
		Release|x64 = Release|x64
	EndGlobalSection
	GlobalSection(ProjectConfigurationPlatforms) = postSolution
		{9FE934AC-074D-443F-B42A-C26B5C7B44E0}.Debug|x64.ActiveCfg = Debug|x64
		{9FE934AC-074D-443F-B42A-C26B5C7B44E0}.Debug|x64.Build.0 = Debug|x64
		{9FE934AC-074D-443F-B42A-C26B5C7B44E0}.Release|x64.ActiveCfg = Release|x64
		{9FE934AC-074D-443F-B42A-C26B5C7B44E0}.Release|x64.Build.0 = Release|x64
	EndGlobalSection
	GlobalSection(SolutionProperties) = preSolution
		HideSolutionNode = FALSE
	EndGlobalSection
	GlobalSection(ExtensibilityGlobals) = postSolution
		SolutionGuid = {8A0C80A1-C243-4587-8888-396CDA1D3341}
	EndGlobalSection
EndGlobal
